
Microsoft Visual Studio Solution File, Format Version 12.00
# Visual Studio Version 17
VisualStudioVersion = 17.5.33502.453
MinimumVisualStudioVersion = 10.0.40219.1
Project("{FAE04EC0-301F-11D3-BF4B-00C04F79EFBC}") = "FT1", "FT1\FT1.csproj", "{5EAD748D-E9AE-4A54-9DD5-0028C0270D60}"
EndProject
Project("{FAE04EC0-301F-11D3-BF4B-00C04F79EFBC}") = "DAL", "DAL\DAL.csproj", "{653A80B4-596B-47A3-90DB-18DC39572F2F}"
EndProject
Project("{FAE04EC0-301F-11D3-BF4B-00C04F79EFBC}") = "BLL", "BLL\BLL.csproj", "{EE19FDA0-B843-4438-B49B-B4409A51D1A7}"
EndProject
Global
	GlobalSection(SolutionConfigurationPlatforms) = preSolution
		Debug|Any CPU = Debug|Any CPU
		Release|Any CPU = Release|Any CPU
	EndGlobalSection
	GlobalSection(ProjectConfigurationPlatforms) = postSolution
		{5EAD748D-E9AE-4A54-9DD5-0028C0270D60}.Debug|Any CPU.ActiveCfg = Debug|Any CPU
		{5EAD748D-E9AE-4A54-9DD5-0028C0270D60}.Debug|Any CPU.Build.0 = Debug|Any CPU
		{5EAD748D-E9AE-4A54-9DD5-0028C0270D60}.Release|Any CPU.ActiveCfg = Release|Any CPU
		{5EAD748D-E9AE-4A54-9DD5-0028C0270D60}.Release|Any CPU.Build.0 = Release|Any CPU
		{653A80B4-596B-47A3-90DB-18DC39572F2F}.Debug|Any CPU.ActiveCfg = Debug|Any CPU
		{653A80B4-596B-47A3-90DB-18DC39572F2F}.Debug|Any CPU.Build.0 = Debug|Any CPU
		{653A80B4-596B-47A3-90DB-18DC39572F2F}.Release|Any CPU.ActiveCfg = Release|Any CPU
		{653A80B4-596B-47A3-90DB-18DC39572F2F}.Release|Any CPU.Build.0 = Release|Any CPU
		{EE19FDA0-B843-4438-B49B-B4409A51D1A7}.Debug|Any CPU.ActiveCfg = Debug|Any CPU
		{EE19FDA0-B843-4438-B49B-B4409A51D1A7}.Debug|Any CPU.Build.0 = Debug|Any CPU
		{EE19FDA0-B843-4438-B49B-B4409A51D1A7}.Release|Any CPU.ActiveCfg = Release|Any CPU
		{EE19FDA0-B843-4438-B49B-B4409A51D1A7}.Release|Any CPU.Build.0 = Release|Any CPU
	EndGlobalSection
	GlobalSection(SolutionProperties) = preSolution
		HideSolutionNode = FALSE
	EndGlobalSection
	GlobalSection(ExtensibilityGlobals) = postSolution
		SolutionGuid = {7BE24B01-6242-4655-B349-DE77FC91CD14}
	EndGlobalSection
EndGlobal
